
Microsoft Visual Studio Solution File, Format Version 12.00
# Visual Studio Version 16
VisualStudioVersion = 16.0.30621.155
MinimumVisualStudioVersion = 10.0.40219.1
Project("{9A19103F-16F7-4668-BE54-9A1E7A4F7556}") = "BatchingIssueRepo", "BatchingIssueRepo\BatchingIssueRepo.csproj", "{9477EF2C-09DC-46F6-8B39-9991E2D9D7A3}"
EndProject
Project("{2150E333-8FDC-42A3-9474-1A3956D46DE8}") = "Common", "Common", "{45668EB4-8412-47C8-A1EF-930401E07CB0}"
	ProjectSection(SolutionItems) = preProject
		NuGet.Config = NuGet.Config
	EndProjectSection
EndProject
Project("{FAE04EC0-301F-11D3-BF4B-00C04F79EFBC}") = "TestImplementation", "TestImplementation\TestImplementation.csproj", "{75296D38-A7DC-4C6C-9754-AB48B4CCFCB0}"
EndProject
Global
	GlobalSection(SolutionConfigurationPlatforms) = preSolution
		Debug|Any CPU = Debug|Any CPU
		Release|Any CPU = Release|Any CPU
	EndGlobalSection
	GlobalSection(ProjectConfigurationPlatforms) = postSolution
		{9477EF2C-09DC-46F6-8B39-9991E2D9D7A3}.Debug|Any CPU.ActiveCfg = Debug|Any CPU
		{9477EF2C-09DC-46F6-8B39-9991E2D9D7A3}.Debug|Any CPU.Build.0 = Debug|Any CPU
		{9477EF2C-09DC-46F6-8B39-9991E2D9D7A3}.Release|Any CPU.ActiveCfg = Release|Any CPU
		{9477EF2C-09DC-46F6-8B39-9991E2D9D7A3}.Release|Any CPU.Build.0 = Release|Any CPU
		{75296D38-A7DC-4C6C-9754-AB48B4CCFCB0}.Debug|Any CPU.ActiveCfg = Debug|Any CPU
		{75296D38-A7DC-4C6C-9754-AB48B4CCFCB0}.Debug|Any CPU.Build.0 = Debug|Any CPU
		{75296D38-A7DC-4C6C-9754-AB48B4CCFCB0}.Release|Any CPU.ActiveCfg = Release|Any CPU
		{75296D38-A7DC-4C6C-9754-AB48B4CCFCB0}.Release|Any CPU.Build.0 = Release|Any CPU
	EndGlobalSection
	GlobalSection(SolutionProperties) = preSolution
		HideSolutionNode = FALSE
	EndGlobalSection
	GlobalSection(ExtensibilityGlobals) = postSolution
		SolutionGuid = {B65F16A4-C356-4FA3-80EA-DEC27EDCA3BC}
	EndGlobalSection
EndGlobal
